// !$*UTF8*$!
{
	archiveVersion = 1;
	classes = {
	};
	objectVersion = 54;
	objects = {

/* Begin PBXBuildFile section */
		0765DD14260FB93400B36DCE /* AppDelegate.swift in Sources */ = {isa = PBXBuildFile; fileRef = 0765DD13260FB93400B36DCE /* AppDelegate.swift */; };
		0765DD16260FB93400B36DCE /* SceneDelegate.swift in Sources */ = {isa = PBXBuildFile; fileRef = 0765DD15260FB93400B36DCE /* SceneDelegate.swift */; };
		0765DD18260FB93400B36DCE /* MovieListViewController.swift in Sources */ = {isa = PBXBuildFile; fileRef = 0765DD17260FB93400B36DCE /* MovieListViewController.swift */; };
		0765DD1B260FB93400B36DCE /* Main.storyboard in Resources */ = {isa = PBXBuildFile; fileRef = 0765DD19260FB93400B36DCE /* Main.storyboard */; };
		0765DD1E260FB93400B36DCE /* Movies.xcdatamodeld in Sources */ = {isa = PBXBuildFile; fileRef = 0765DD1C260FB93400B36DCE /* Movies.xcdatamodeld */; };
		0765DD20260FB93800B36DCE /* Assets.xcassets in Resources */ = {isa = PBXBuildFile; fileRef = 0765DD1F260FB93800B36DCE /* Assets.xcassets */; };
		0765DD23260FB93800B36DCE /* LaunchScreen.storyboard in Resources */ = {isa = PBXBuildFile; fileRef = 0765DD21260FB93800B36DCE /* LaunchScreen.storyboard */; };
		0765DD2E260FB93800B36DCE /* MoviesTests.swift in Sources */ = {isa = PBXBuildFile; fileRef = 0765DD2D260FB93800B36DCE /* MoviesTests.swift */; };
		0765DD39260FB93900B36DCE /* MoviesUITests.swift in Sources */ = {isa = PBXBuildFile; fileRef = 0765DD38260FB93900B36DCE /* MoviesUITests.swift */; };
		0765DD51260FB9E100B36DCE /* MoviesManager.swift in Sources */ = {isa = PBXBuildFile; fileRef = 0765DD50260FB9E100B36DCE /* MoviesManager.swift */; };
		0765DD56260FBA2400B36DCE /* ModelStructures.swift in Sources */ = {isa = PBXBuildFile; fileRef = 0765DD55260FBA2400B36DCE /* ModelStructures.swift */; };
		0765DD5C260FBAD900B36DCE /* MovieDetailView.swift in Sources */ = {isa = PBXBuildFile; fileRef = 0765DD5B260FBAD900B36DCE /* MovieDetailView.swift */; };
		0765DD67260FBB2A00B36DCE /* MovieListCell.swift in Sources */ = {isa = PBXBuildFile; fileRef = 0765DD66260FBB2A00B36DCE /* MovieListCell.swift */; };
/* End PBXBuildFile section */

/* Begin PBXContainerItemProxy section */
		0765DD2A260FB93800B36DCE /* PBXContainerItemProxy */ = {
			isa = PBXContainerItemProxy;
			containerPortal = 0765DD08260FB93400B36DCE /* Project object */;
			proxyType = 1;
			remoteGlobalIDString = 0765DD0F260FB93400B36DCE;
			remoteInfo = Movies;
		};
		0765DD35260FB93900B36DCE /* PBXContainerItemProxy */ = {
			isa = PBXContainerItemProxy;
			containerPortal = 0765DD08260FB93400B36DCE /* Project object */;
			proxyType = 1;
			remoteGlobalIDString = 0765DD0F260FB93400B36DCE;
			remoteInfo = Movies;
		};
/* End PBXContainerItemProxy section */

/* Begin PBXFileReference section */
		0765DD10260FB93400B36DCE /* Movies.app */ = {isa = PBXFileReference; explicitFileType = wrapper.application; includeInIndex = 0; path = Movies.app; sourceTree = BUILT_PRODUCTS_DIR; };
		0765DD13260FB93400B36DCE /* AppDelegate.swift */ = {isa = PBXFileReference; lastKnownFileType = sourcecode.swift; path = AppDelegate.swift; sourceTree = "<group>"; };
		0765DD15260FB93400B36DCE /* SceneDelegate.swift */ = {isa = PBXFileReference; lastKnownFileType = sourcecode.swift; path = SceneDelegate.swift; sourceTree = "<group>"; };
		0765DD17260FB93400B36DCE /* MovieListViewController.swift */ = {isa = PBXFileReference; lastKnownFileType = sourcecode.swift; path = MovieListViewController.swift; sourceTree = "<group>"; };
		0765DD1A260FB93400B36DCE /* Base */ = {isa = PBXFileReference; lastKnownFileType = file.storyboard; name = Base; path = Base.lproj/Main.storyboard; sourceTree = "<group>"; };
		0765DD1D260FB93400B36DCE /* Movies.xcdatamodel */ = {isa = PBXFileReference; lastKnownFileType = wrapper.xcdatamodel; path = Movies.xcdatamodel; sourceTree = "<group>"; };
		0765DD1F260FB93800B36DCE /* Assets.xcassets */ = {isa = PBXFileReference; lastKnownFileType = folder.assetcatalog; path = Assets.xcassets; sourceTree = "<group>"; };
		0765DD22260FB93800B36DCE /* Base */ = {isa = PBXFileReference; lastKnownFileType = file.storyboard; name = Base; path = Base.lproj/LaunchScreen.storyboard; sourceTree = "<group>"; };
		0765DD24260FB93800B36DCE /* Info.plist */ = {isa = PBXFileReference; lastKnownFileType = text.plist.xml; path = Info.plist; sourceTree = "<group>"; };
		0765DD29260FB93800B36DCE /* MoviesTests.xctest */ = {isa = PBXFileReference; explicitFileType = wrapper.cfbundle; includeInIndex = 0; path = MoviesTests.xctest; sourceTree = BUILT_PRODUCTS_DIR; };
		0765DD2D260FB93800B36DCE /* MoviesTests.swift */ = {isa = PBXFileReference; lastKnownFileType = sourcecode.swift; path = MoviesTests.swift; sourceTree = "<group>"; };
		0765DD2F260FB93800B36DCE /* Info.plist */ = {isa = PBXFileReference; lastKnownFileType = text.plist.xml; path = Info.plist; sourceTree = "<group>"; };
		0765DD34260FB93900B36DCE /* MoviesUITests.xctest */ = {isa = PBXFileReference; explicitFileType = wrapper.cfbundle; includeInIndex = 0; path = MoviesUITests.xctest; sourceTree = BUILT_PRODUCTS_DIR; };
		0765DD38260FB93900B36DCE /* MoviesUITests.swift */ = {isa = PBXFileReference; lastKnownFileType = sourcecode.swift; path = MoviesUITests.swift; sourceTree = "<group>"; };
		0765DD3A260FB93900B36DCE /* Info.plist */ = {isa = PBXFileReference; lastKnownFileType = text.plist.xml; path = Info.plist; sourceTree = "<group>"; };
		0765DD50260FB9E100B36DCE /* MoviesManager.swift */ = {isa = PBXFileReference; lastKnownFileType = sourcecode.swift; path = MoviesManager.swift; sourceTree = "<group>"; };
		0765DD55260FBA2400B36DCE /* ModelStructures.swift */ = {isa = PBXFileReference; lastKnownFileType = sourcecode.swift; path = ModelStructures.swift; sourceTree = "<group>"; };
		0765DD5B260FBAD900B36DCE /* MovieDetailView.swift */ = {isa = PBXFileReference; lastKnownFileType = sourcecode.swift; path = MovieDetailView.swift; sourceTree = "<group>"; };
		0765DD66260FBB2A00B36DCE /* MovieListCell.swift */ = {isa = PBXFileReference; lastKnownFileType = sourcecode.swift; path = MovieListCell.swift; sourceTree = "<group>"; };
/* End PBXFileReference section */

/* Begin PBXFrameworksBuildPhase section */
		0765DD0D260FB93400B36DCE /* Frameworks */ = {
			isa = PBXFrameworksBuildPhase;
			buildActionMask = 2147483647;
			files = (
			);
			runOnlyForDeploymentPostprocessing = 0;
		};
		0765DD26260FB93800B36DCE /* Frameworks */ = {
			isa = PBXFrameworksBuildPhase;
			buildActionMask = 2147483647;
			files = (
			);
			runOnlyForDeploymentPostprocessing = 0;
		};
		0765DD31260FB93900B36DCE /* Frameworks */ = {
			isa = PBXFrameworksBuildPhase;
			buildActionMask = 2147483647;
			files = (
			);
			runOnlyForDeploymentPostprocessing = 0;
		};
/* End PBXFrameworksBuildPhase section */

/* Begin PBXGroup section */
		0765DD07260FB93400B36DCE = {
			isa = PBXGroup;
			children = (
				0765DD12260FB93400B36DCE /* Movies */,
				0765DD2C260FB93800B36DCE /* MoviesTests */,
				0765DD37260FB93900B36DCE /* MoviesUITests */,
				0765DD11260FB93400B36DCE /* Products */,
			);
			sourceTree = "<group>";
		};
		0765DD11260FB93400B36DCE /* Products */ = {
			isa = PBXGroup;
			children = (
				0765DD10260FB93400B36DCE /* Movies.app */,
				0765DD29260FB93800B36DCE /* MoviesTests.xctest */,
				0765DD34260FB93900B36DCE /* MoviesUITests.xctest */,
			);
			name = Products;
			sourceTree = "<group>";
		};
		0765DD12260FB93400B36DCE /* Movies */ = {
			isa = PBXGroup;
			children = (
				0765DD4F260FB96800B36DCE /* Modal */,
				0765DD4B260FB95D00B36DCE /* View */,
				0765DD4A260FB95300B36DCE /* Controller */,
				0765DD49260FB94D00B36DCE /* Common */,
				0765DD24260FB93800B36DCE /* Info.plist */,
			);
			path = Movies;
			sourceTree = "<group>";
		};
		0765DD2C260FB93800B36DCE /* MoviesTests */ = {
			isa = PBXGroup;
			children = (
				0765DD2D260FB93800B36DCE /* MoviesTests.swift */,
				0765DD2F260FB93800B36DCE /* Info.plist */,
			);
			path = MoviesTests;
			sourceTree = "<group>";
		};
		0765DD37260FB93900B36DCE /* MoviesUITests */ = {
			isa = PBXGroup;
			children = (
				0765DD38260FB93900B36DCE /* MoviesUITests.swift */,
				0765DD3A260FB93900B36DCE /* Info.plist */,
			);
			path = MoviesUITests;
			sourceTree = "<group>";
		};
		0765DD49260FB94D00B36DCE /* Common */ = {
			isa = PBXGroup;
			children = (
				0765DD1F260FB93800B36DCE /* Assets.xcassets */,
				0765DD15260FB93400B36DCE /* SceneDelegate.swift */,
				0765DD1C260FB93400B36DCE /* Movies.xcdatamodeld */,
				0765DD13260FB93400B36DCE /* AppDelegate.swift */,
			);
			path = Common;
			sourceTree = "<group>";
		};
		0765DD4A260FB95300B36DCE /* Controller */ = {
			isa = PBXGroup;
			children = (
				0765DD17260FB93400B36DCE /* MovieListViewController.swift */,
			);
			path = Controller;
			sourceTree = "<group>";
		};
		0765DD4B260FB95D00B36DCE /* View */ = {
			isa = PBXGroup;
			children = (
				0765DD21260FB93800B36DCE /* LaunchScreen.storyboard */,
				0765DD19260FB93400B36DCE /* Main.storyboard */,
				0765DD66260FBB2A00B36DCE /* MovieListCell.swift */,
				0765DD5B260FBAD900B36DCE /* MovieDetailView.swift */,
			);
			path = View;
			sourceTree = "<group>";
		};
		0765DD4F260FB96800B36DCE /* Modal */ = {
			isa = PBXGroup;
			children = (
				0765DD50260FB9E100B36DCE /* MoviesManager.swift */,
				0765DD55260FBA2400B36DCE /* ModelStructures.swift */,
			);
			path = Modal;
			sourceTree = "<group>";
		};
/* End PBXGroup section */

/* Begin PBXNativeTarget section */
		0765DD0F260FB93400B36DCE /* Movies */ = {
			isa = PBXNativeTarget;
			buildConfigurationList = 0765DD3D260FB93900B36DCE /* Build configuration list for PBXNativeTarget "Movies" */;
			buildPhases = (
				0765DD0C260FB93400B36DCE /* Sources */,
				0765DD0D260FB93400B36DCE /* Frameworks */,
				0765DD0E260FB93400B36DCE /* Resources */,
			);
			buildRules = (
			);
			dependencies = (
			);
			name = Movies;
			productName = Movies;
			productReference = 0765DD10260FB93400B36DCE /* Movies.app */;
			productType = "com.apple.product-type.application";
		};
		0765DD28260FB93800B36DCE /* MoviesTests */ = {
			isa = PBXNativeTarget;
			buildConfigurationList = 0765DD40260FB93900B36DCE /* Build configuration list for PBXNativeTarget "MoviesTests" */;
			buildPhases = (
				0765DD25260FB93800B36DCE /* Sources */,
				0765DD26260FB93800B36DCE /* Frameworks */,
				0765DD27260FB93800B36DCE /* Resources */,
			);
			buildRules = (
			);
			dependencies = (
				0765DD2B260FB93800B36DCE /* PBXTargetDependency */,
			);
			name = MoviesTests;
			productName = MoviesTests;
			productReference = 0765DD29260FB93800B36DCE /* MoviesTests.xctest */;
			productType = "com.apple.product-type.bundle.unit-test";
		};
		0765DD33260FB93900B36DCE /* MoviesUITests */ = {
			isa = PBXNativeTarget;
			buildConfigurationList = 0765DD43260FB93900B36DCE /* Build configuration list for PBXNativeTarget "MoviesUITests" */;
			buildPhases = (
				0765DD30260FB93900B36DCE /* Sources */,
				0765DD31260FB93900B36DCE /* Frameworks */,
				0765DD32260FB93900B36DCE /* Resources */,
			);
			buildRules = (
			);
			dependencies = (
				0765DD36260FB93900B36DCE /* PBXTargetDependency */,
			);
			name = MoviesUITests;
			productName = MoviesUITests;
			productReference = 0765DD34260FB93900B36DCE /* MoviesUITests.xctest */;
			productType = "com.apple.product-type.bundle.ui-testing";
		};
/* End PBXNativeTarget section */

/* Begin PBXProject section */
		0765DD08260FB93400B36DCE /* Project object */ = {
			isa = PBXProject;
			attributes = {
				LastSwiftUpdateCheck = 1240;
				LastUpgradeCheck = 1240;
				TargetAttributes = {
					0765DD0F260FB93400B36DCE = {
						CreatedOnToolsVersion = 12.4;
					};
					0765DD28260FB93800B36DCE = {
						CreatedOnToolsVersion = 12.4;
						TestTargetID = 0765DD0F260FB93400B36DCE;
					};
					0765DD33260FB93900B36DCE = {
						CreatedOnToolsVersion = 12.4;
						TestTargetID = 0765DD0F260FB93400B36DCE;
					};
				};
			};
			buildConfigurationList = 0765DD0B260FB93400B36DCE /* Build configuration list for PBXProject "Movies" */;
			compatibilityVersion = "Xcode 12.0";
			developmentRegion = en;
			hasScannedForEncodings = 0;
			knownRegions = (
				en,
				Base,
			);
			mainGroup = 0765DD07260FB93400B36DCE;
			productRefGroup = 0765DD11260FB93400B36DCE /* Products */;
			projectDirPath = "";
			projectRoot = "";
			targets = (
				0765DD0F260FB93400B36DCE /* Movies */,
				0765DD28260FB93800B36DCE /* MoviesTests */,
				0765DD33260FB93900B36DCE /* MoviesUITests */,
			);
		};
/* End PBXProject section */

/* Begin PBXResourcesBuildPhase section */
		0765DD0E260FB93400B36DCE /* Resources */ = {
			isa = PBXResourcesBuildPhase;
			buildActionMask = 2147483647;
			files = (
				0765DD23260FB93800B36DCE /* LaunchScreen.storyboard in Resources */,
				0765DD20260FB93800B36DCE /* Assets.xcassets in Resources */,
				0765DD1B260FB93400B36DCE /* Main.storyboard in Resources */,
			);
			runOnlyForDeploymentPostprocessing = 0;
		};
		0765DD27260FB93800B36DCE /* Resources */ = {
			isa = PBXResourcesBuildPhase;
			buildActionMask = 2147483647;
			files = (
			);
			runOnlyForDeploymentPostprocessing = 0;
		};
		0765DD32260FB93900B36DCE /* Resources */ = {
			isa = PBXResourcesBuildPhase;
			buildActionMask = 2147483647;
			files = (
			);
			runOnlyForDeploymentPostprocessing = 0;
		};
/* End PBXResourcesBuildPhase section */

/* Begin PBXSourcesBuildPhase section */
		0765DD0C260FB93400B36DCE /* Sources */ = {
			isa = PBXSourcesBuildPhase;
			buildActionMask = 2147483647;
			files = (
				0765DD51260FB9E100B36DCE /* MoviesManager.swift in Sources */,
				0765DD56260FBA2400B36DCE /* ModelStructures.swift in Sources */,
				0765DD67260FBB2A00B36DCE /* MovieListCell.swift in Sources */,
				0765DD18260FB93400B36DCE /* MovieListViewController.swift in Sources */,
				0765DD14260FB93400B36DCE /* AppDelegate.swift in Sources */,
				0765DD1E260FB93400B36DCE /* Movies.xcdatamodeld in Sources */,
				0765DD16260FB93400B36DCE /* SceneDelegate.swift in Sources */,
				0765DD5C260FBAD900B36DCE /* MovieDetailView.swift in Sources */,
			);
			runOnlyForDeploymentPostprocessing = 0;
		};
		0765DD25260FB93800B36DCE /* Sources */ = {
			isa = PBXSourcesBuildPhase;
			buildActionMask = 2147483647;
			files = (
				0765DD2E260FB93800B36DCE /* MoviesTests.swift in Sources */,
			);
			runOnlyForDeploymentPostprocessing = 0;
		};
		0765DD30260FB93900B36DCE /* Sources */ = {
			isa = PBXSourcesBuildPhase;
			buildActionMask = 2147483647;
			files = (
				0765DD39260FB93900B36DCE /* MoviesUITests.swift in Sources */,
			);
			runOnlyForDeploymentPostprocessing = 0;
		};
/* End PBXSourcesBuildPhase section */

/* Begin PBXTargetDependency section */
		0765DD2B260FB93800B36DCE /* PBXTargetDependency */ = {
			isa = PBXTargetDependency;
			target = 0765DD0F260FB93400B36DCE /* Movies */;
			targetProxy = 0765DD2A260FB93800B36DCE /* PBXContainerItemProxy */;
		};
		0765DD36260FB93900B36DCE /* PBXTargetDependency */ = {
			isa = PBXTargetDependency;
			target = 0765DD0F260FB93400B36DCE /* Movies */;
			targetProxy = 0765DD35260FB93900B36DCE /* PBXContainerItemProxy */;
		};
/* End PBXTargetDependency section */

/* Begin PBXVariantGroup section */
		0765DD19260FB93400B36DCE /* Main.storyboard */ = {
			isa = PBXVariantGroup;
			children = (
				0765DD1A260FB93400B36DCE /* Base */,
			);
			name = Main.storyboard;
			sourceTree = "<group>";
		};
		0765DD21260FB93800B36DCE /* LaunchScreen.storyboard */ = {
			isa = PBXVariantGroup;
			children = (
				0765DD22260FB93800B36DCE /* Base */,
			);
			name = LaunchScreen.storyboard;
			sourceTree = "<group>";
		};
/* End PBXVariantGroup section */

/* Begin XCBuildConfiguration section */
		0765DD3B260FB93900B36DCE /* Debug */ = {
			isa = XCBuildConfiguration;
			buildSettings = {
				ALWAYS_SEARCH_USER_PATHS = NO;
				CLANG_ANALYZER_NONNULL = YES;
				CLANG_ANALYZER_NUMBER_OBJECT_CONVERSION = YES_AGGRESSIVE;
				CLANG_CXX_LANGUAGE_STANDARD = "gnu++14";
				CLANG_CXX_LIBRARY = "libc++";
				CLANG_ENABLE_MODULES = YES;
				CLANG_ENABLE_OBJC_ARC = YES;
				CLANG_ENABLE_OBJC_WEAK = YES;
				CLANG_WARN_BLOCK_CAPTURE_AUTORELEASING = YES;
				CLANG_WARN_BOOL_CONVERSION = YES;
				CLANG_WARN_COMMA = YES;
				CLANG_WARN_CONSTANT_CONVERSION = YES;
				CLANG_WARN_DEPRECATED_OBJC_IMPLEMENTATIONS = YES;
				CLANG_WARN_DIRECT_OBJC_ISA_USAGE = YES_ERROR;
				CLANG_WARN_DOCUMENTATION_COMMENTS = YES;
				CLANG_WARN_EMPTY_BODY = YES;
				CLANG_WARN_ENUM_CONVERSION = YES;
				CLANG_WARN_INFINITE_RECURSION = YES;
				CLANG_WARN_INT_CONVERSION = YES;
				CLANG_WARN_NON_LITERAL_NULL_CONVERSION = YES;
				CLANG_WARN_OBJC_IMPLICIT_RETAIN_SELF = YES;
				CLANG_WARN_OBJC_LITERAL_CONVERSION = YES;
				CLANG_WARN_OBJC_ROOT_CLASS = YES_ERROR;
				CLANG_WARN_QUOTED_INCLUDE_IN_FRAMEWORK_HEADER = YES;
				CLANG_WARN_RANGE_LOOP_ANALYSIS = YES;
				CLANG_WARN_STRICT_PROTOTYPES = YES;
				CLANG_WARN_SUSPICIOUS_MOVE = YES;
				CLANG_WARN_UNGUARDED_AVAILABILITY = YES_AGGRESSIVE;
				CLANG_WARN_UNREACHABLE_CODE = YES;
				CLANG_WARN__DUPLICATE_METHOD_MATCH = YES;
				COPY_PHASE_STRIP = NO;
				DEBUG_INFORMATION_FORMAT = dwarf;
				ENABLE_STRICT_OBJC_MSGSEND = YES;
				ENABLE_TESTABILITY = YES;
				GCC_C_LANGUAGE_STANDARD = gnu11;
				GCC_DYNAMIC_NO_PIC = NO;
				GCC_NO_COMMON_BLOCKS = YES;
				GCC_OPTIMIZATION_LEVEL = 0;
				GCC_PREPROCESSOR_DEFINITIONS = (
					"DEBUG=1",
					"$(inherited)",
				);
				GCC_WARN_64_TO_32_BIT_CONVERSION = YES;
				GCC_WARN_ABOUT_RETURN_TYPE = YES_ERROR;
				GCC_WARN_UNDECLARED_SELECTOR = YES;
				GCC_WARN_UNINITIALIZED_AUTOS = YES_AGGRESSIVE;
				GCC_WARN_UNUSED_FUNCTION = YES;
				GCC_WARN_UNUSED_VARIABLE = YES;
				IPHONEOS_DEPLOYMENT_TARGET = 14.4;
				MTL_ENABLE_DEBUG_INFO = INCLUDE_SOURCE;
				MTL_FAST_MATH = YES;
				ONLY_ACTIVE_ARCH = YES;
				SDKROOT = iphoneos;
				SWIFT_ACTIVE_COMPILATION_CONDITIONS = DEBUG;
				SWIFT_OPTIMIZATION_LEVEL = "-Onone";
			};
			name = Debug;
		};
		0765DD3C260FB93900B36DCE /* Release */ = {
			isa = XCBuildConfiguration;
			buildSettings = {
				ALWAYS_SEARCH_USER_PATHS = NO;
				CLANG_ANALYZER_NONNULL = YES;
				CLANG_ANALYZER_NUMBER_OBJECT_CONVERSION = YES_AGGRESSIVE;
				CLANG_CXX_LANGUAGE_STANDARD = "gnu++14";
				CLANG_CXX_LIBRARY = "libc++";
				CLANG_ENABLE_MODULES = YES;
				CLANG_ENABLE_OBJC_ARC = YES;
				CLANG_ENABLE_OBJC_WEAK = YES;
				CLANG_WARN_BLOCK_CAPTURE_AUTORELEASING = YES;
				CLANG_WARN_BOOL_CONVERSION = YES;
				CLANG_WARN_COMMA = YES;
				CLANG_WARN_CONSTANT_CONVERSION = YES;
				CLANG_WARN_DEPRECATED_OBJC_IMPLEMENTATIONS = YES;
				CLANG_WARN_DIRECT_OBJC_ISA_USAGE = YES_ERROR;
				CLANG_WARN_DOCUMENTATION_COMMENTS = YES;
				CLANG_WARN_EMPTY_BODY = YES;
				CLANG_WARN_ENUM_CONVERSION = YES;
				CLANG_WARN_INFINITE_RECURSION = YES;
				CLANG_WARN_INT_CONVERSION = YES;
				CLANG_WARN_NON_LITERAL_NULL_CONVERSION = YES;
				CLANG_WARN_OBJC_IMPLICIT_RETAIN_SELF = YES;
				CLANG_WARN_OBJC_LITERAL_CONVERSION = YES;
				CLANG_WARN_OBJC_ROOT_CLASS = YES_ERROR;
				CLANG_WARN_QUOTED_INCLUDE_IN_FRAMEWORK_HEADER = YES;
				CLANG_WARN_RANGE_LOOP_ANALYSIS = YES;
				CLANG_WARN_STRICT_PROTOTYPES = YES;
				CLANG_WARN_SUSPICIOUS_MOVE = YES;
				CLANG_WARN_UNGUARDED_AVAILABILITY = YES_AGGRESSIVE;
				CLANG_WARN_UNREACHABLE_CODE = YES;
				CLANG_WARN__DUPLICATE_METHOD_MATCH = YES;
				COPY_PHASE_STRIP = NO;
				DEBUG_INFORMATION_FORMAT = "dwarf-with-dsym";
				ENABLE_NS_ASSERTIONS = NO;
				ENABLE_STRICT_OBJC_MSGSEND = YES;
				GCC_C_LANGUAGE_STANDARD = gnu11;
				GCC_NO_COMMON_BLOCKS = YES;
				GCC_WARN_64_TO_32_BIT_CONVERSION = YES;
				GCC_WARN_ABOUT_RETURN_TYPE = YES_ERROR;
				GCC_WARN_UNDECLARED_SELECTOR = YES;
				GCC_WARN_UNINITIALIZED_AUTOS = YES_AGGRESSIVE;
				GCC_WARN_UNUSED_FUNCTION = YES;
				GCC_WARN_UNUSED_VARIABLE = YES;
				IPHONEOS_DEPLOYMENT_TARGET = 14.4;
				MTL_ENABLE_DEBUG_INFO = NO;
				MTL_FAST_MATH = YES;
				SDKROOT = iphoneos;
				SWIFT_COMPILATION_MODE = wholemodule;
				SWIFT_OPTIMIZATION_LEVEL = "-O";
				VALIDATE_PRODUCT = YES;
			};
			name = Release;
		};
		0765DD3E260FB93900B36DCE /* Debug */ = {
			isa = XCBuildConfiguration;
			buildSettings = {
				ASSETCATALOG_COMPILER_APPICON_NAME = AppIcon;
				ASSETCATALOG_COMPILER_GLOBAL_ACCENT_COLOR_NAME = AccentColor;
				CODE_SIGN_STYLE = Automatic;
				DEVELOPMENT_TEAM = P839AUY336;
				INFOPLIST_FILE = Movies/Info.plist;
				LD_RUNPATH_SEARCH_PATHS = (
					"$(inherited)",
					"@executable_path/Frameworks",
				);
				PRODUCT_BUNDLE_IDENTIFIER = com.intern.Movies;
				PRODUCT_NAME = "$(TARGET_NAME)";
				SWIFT_VERSION = 5.0;
				TARGETED_DEVICE_FAMILY = "1,2";
			};
			name = Debug;
		};
		0765DD3F260FB93900B36DCE /* Release */ = {
			isa = XCBuildConfiguration;
			buildSettings = {
				ASSETCATALOG_COMPILER_APPICON_NAME = AppIcon;
				ASSETCATALOG_COMPILER_GLOBAL_ACCENT_COLOR_NAME = AccentColor;
				CODE_SIGN_STYLE = Automatic;
				DEVELOPMENT_TEAM = P839AUY336;
				INFOPLIST_FILE = Movies/Info.plist;
				LD_RUNPATH_SEARCH_PATHS = (
					"$(inherited)",
					"@executable_path/Frameworks",
				);
				PRODUCT_BUNDLE_IDENTIFIER = com.intern.Movies;
				PRODUCT_NAME = "$(TARGET_NAME)";
				SWIFT_VERSION = 5.0;
				TARGETED_DEVICE_FAMILY = "1,2";
			};
			name = Release;
		};
		0765DD41260FB93900B36DCE /* Debug */ = {
			isa = XCBuildConfiguration;
			buildSettings = {
				ALWAYS_EMBED_SWIFT_STANDARD_LIBRARIES = YES;
				BUNDLE_LOADER = "$(TEST_HOST)";
				CODE_SIGN_STYLE = Automatic;
				DEVELOPMENT_TEAM = P839AUY336;
				INFOPLIST_FILE = MoviesTests/Info.plist;
				IPHONEOS_DEPLOYMENT_TARGET = 14.4;
				LD_RUNPATH_SEARCH_PATHS = (
					"$(inherited)",
					"@executable_path/Frameworks",
					"@loader_path/Frameworks",
				);
				PRODUCT_BUNDLE_IDENTIFIER = com.intern.MoviesTests;
				PRODUCT_NAME = "$(TARGET_NAME)";
				SWIFT_VERSION = 5.0;
				TARGETED_DEVICE_FAMILY = "1,2";
				TEST_HOST = "$(BUILT_PRODUCTS_DIR)/Movies.app/Movies";
			};
			name = Debug;
		};
		0765DD42260FB93900B36DCE /* Release */ = {
			isa = XCBuildConfiguration;
			buildSettings = {
				ALWAYS_EMBED_SWIFT_STANDARD_LIBRARIES = YES;
				BUNDLE_LOADER = "$(TEST_HOST)";
				CODE_SIGN_STYLE = Automatic;
				DEVELOPMENT_TEAM = P839AUY336;
				INFOPLIST_FILE = MoviesTests/Info.plist;
				IPHONEOS_DEPLOYMENT_TARGET = 14.4;
				LD_RUNPATH_SEARCH_PATHS = (
					"$(inherited)",
					"@executable_path/Frameworks",
					"@loader_path/Frameworks",
				);
				PRODUCT_BUNDLE_IDENTIFIER = com.intern.MoviesTests;
				PRODUCT_NAME = "$(TARGET_NAME)";
				SWIFT_VERSION = 5.0;
				TARGETED_DEVICE_FAMILY = "1,2";
				TEST_HOST = "$(BUILT_PRODUCTS_DIR)/Movies.app/Movies";
			};
			name = Release;
		};
		0765DD44260FB93900B36DCE /* Debug */ = {
			isa = XCBuildConfiguration;
			buildSettings = {
				ALWAYS_EMBED_SWIFT_STANDARD_LIBRARIES = YES;
				CODE_SIGN_STYLE = Automatic;
				DEVELOPMENT_TEAM = P839AUY336;
				INFOPLIST_FILE = MoviesUITests/Info.plist;
				LD_RUNPATH_SEARCH_PATHS = (
					"$(inherited)",
					"@executable_path/Frameworks",
					"@loader_path/Frameworks",
				);
				PRODUCT_BUNDLE_IDENTIFIER = com.intern.MoviesUITests;
				PRODUCT_NAME = "$(TARGET_NAME)";
				SWIFT_VERSION = 5.0;
				TARGETED_DEVICE_FAMILY = "1,2";
				TEST_TARGET_NAME = Movies;
			};
			name = Debug;
		};
		0765DD45260FB93900B36DCE /* Release */ = {
			isa = XCBuildConfiguration;
			buildSettings = {
				ALWAYS_EMBED_SWIFT_STANDARD_LIBRARIES = YES;
				CODE_SIGN_STYLE = Automatic;
				DEVELOPMENT_TEAM = P839AUY336;
				INFOPLIST_FILE = MoviesUITests/Info.plist;
				LD_RUNPATH_SEARCH_PATHS = (
					"$(inherited)",
					"@executable_path/Frameworks",
					"@loader_path/Frameworks",
				);
				PRODUCT_BUNDLE_IDENTIFIER = com.intern.MoviesUITests;
				PRODUCT_NAME = "$(TARGET_NAME)";
				SWIFT_VERSION = 5.0;
				TARGETED_DEVICE_FAMILY = "1,2";
				TEST_TARGET_NAME = Movies;
			};
			name = Release;
		};
/* End XCBuildConfiguration section */

/* Begin XCConfigurationList section */
		0765DD0B260FB93400B36DCE /* Build configuration list for PBXProject "Movies" */ = {
			isa = XCConfigurationList;
			buildConfigurations = (
				0765DD3B260FB93900B36DCE /* Debug */,
				0765DD3C260FB93900B36DCE /* Release */,
			);
			defaultConfigurationIsVisible = 0;
			defaultConfigurationName = Release;
		};
		0765DD3D260FB93900B36DCE /* Build configuration list for PBXNativeTarget "Movies" */ = {
			isa = XCConfigurationList;
			buildConfigurations = (
				0765DD3E260FB93900B36DCE /* Debug */,
				0765DD3F260FB93900B36DCE /* Release */,
			);
			defaultConfigurationIsVisible = 0;
			defaultConfigurationName = Release;
		};
		0765DD40260FB93900B36DCE /* Build configuration list for PBXNativeTarget "MoviesTests" */ = {
			isa = XCConfigurationList;
			buildConfigurations = (
				0765DD41260FB93900B36DCE /* Debug */,
				0765DD42260FB93900B36DCE /* Release */,
			);
			defaultConfigurationIsVisible = 0;
			defaultConfigurationName = Release;
		};
		0765DD43260FB93900B36DCE /* Build configuration list for PBXNativeTarget "MoviesUITests" */ = {
			isa = XCConfigurationList;
			buildConfigurations = (
				0765DD44260FB93900B36DCE /* Debug */,
				0765DD45260FB93900B36DCE /* Release */,
			);
			defaultConfigurationIsVisible = 0;
			defaultConfigurationName = Release;
		};
/* End XCConfigurationList section */

/* Begin XCVersionGroup section */
		0765DD1C260FB93400B36DCE /* Movies.xcdatamodeld */ = {
			isa = XCVersionGroup;
			children = (
				0765DD1D260FB93400B36DCE /* Movies.xcdatamodel */,
			);
			currentVersion = 0765DD1D260FB93400B36DCE /* Movies.xcdatamodel */;
			path = Movies.xcdatamodeld;
			sourceTree = "<group>";
			versionGroupType = wrapper.xcdatamodel;
		};
/* End XCVersionGroup section */
	};
	rootObject = 0765DD08260FB93400B36DCE /* Project object */;
}
